
Microsoft Visual Studio Solution File, Format Version 12.00
# Visual Studio Version 17
VisualStudioVersion = 17.14.36705.20 d17.14
MinimumVisualStudioVersion = 10.0.40219.1
Project("{FAE04EC0-301F-11D3-BF4B-00C04F79EFBC}") = "Grid_Learning", "Grid_Learning\Grid_Learning.csproj", "{2A6CFBC1-D5F5-49CB-BBE1-5644F8D5DC80}"
EndProject
Global
	GlobalSection(SolutionConfigurationPlatforms) = preSolution
		Debug|Any CPU = Debug|Any CPU
		Release|Any CPU = Release|Any CPU
	EndGlobalSection
	GlobalSection(ProjectConfigurationPlatforms) = postSolution
		{2A6CFBC1-D5F5-49CB-BBE1-5644F8D5DC80}.Debug|Any CPU.ActiveCfg = Debug|Any CPU
		{2A6CFBC1-D5F5-49CB-BBE1-5644F8D5DC80}.Debug|Any CPU.Build.0 = Debug|Any CPU
		{2A6CFBC1-D5F5-49CB-BBE1-5644F8D5DC80}.Release|Any CPU.ActiveCfg = Release|Any CPU
		{2A6CFBC1-D5F5-49CB-BBE1-5644F8D5DC80}.Release|Any CPU.Build.0 = Release|Any CPU
	EndGlobalSection
	GlobalSection(SolutionProperties) = preSolution
		HideSolutionNode = FALSE
	EndGlobalSection
	GlobalSection(ExtensibilityGlobals) = postSolution
		SolutionGuid = {7E4CDA31-61EC-464E-A509-0563D18D79F5}
	EndGlobalSection
EndGlobal
