
Microsoft Visual Studio Solution File, Format Version 12.00
# Visual Studio Version 17
VisualStudioVersion = 17.14.36705.20 d17.14
MinimumVisualStudioVersion = 10.0.40219.1
Project("{FAE04EC0-301F-11D3-BF4B-00C04F79EFBC}") = "StackPanel_Learning", "StackPanel_Learning\StackPanel_Learning.csproj", "{C7537DD8-6257-451C-8323-B141FACF2100}"
EndProject
Global
	GlobalSection(SolutionConfigurationPlatforms) = preSolution
		Debug|Any CPU = Debug|Any CPU
		Release|Any CPU = Release|Any CPU
	EndGlobalSection
	GlobalSection(ProjectConfigurationPlatforms) = postSolution
		{C7537DD8-6257-451C-8323-B141FACF2100}.Debug|Any CPU.ActiveCfg = Debug|Any CPU
		{C7537DD8-6257-451C-8323-B141FACF2100}.Debug|Any CPU.Build.0 = Debug|Any CPU
		{C7537DD8-6257-451C-8323-B141FACF2100}.Release|Any CPU.ActiveCfg = Release|Any CPU
		{C7537DD8-6257-451C-8323-B141FACF2100}.Release|Any CPU.Build.0 = Release|Any CPU
	EndGlobalSection
	GlobalSection(SolutionProperties) = preSolution
		HideSolutionNode = FALSE
	EndGlobalSection
	GlobalSection(ExtensibilityGlobals) = postSolution
		SolutionGuid = {81640FCD-5D6A-4815-AFA0-706EA585D699}
	EndGlobalSection
EndGlobal
